
Microsoft Visual Studio Solution File, Format Version 12.00
# Visual Studio Version 16
VisualStudioVersion = 16.0.31424.327
MinimumVisualStudioVersion = 10.0.40219.1
Project("{FAE04EC0-301F-11D3-BF4B-00C04F79EFBC}") = "Neighbors", "Neighbors\Neighbors.csproj", "{4C18A3AD-54B8-4CF7-85B0-3A6D24EB0B9D}"
EndProject
Project("{FAE04EC0-301F-11D3-BF4B-00C04F79EFBC}") = "Tests", "Tests\Tests.csproj", "{23FEAD9A-791F-4DEE-B536-334E91BAFCFF}"
EndProject
Global
	GlobalSection(SolutionConfigurationPlatforms) = preSolution
		Debug|Any CPU = Debug|Any CPU
		Release|Any CPU = Release|Any CPU
	EndGlobalSection
	GlobalSection(ProjectConfigurationPlatforms) = postSolution
		{4C18A3AD-54B8-4CF7-85B0-3A6D24EB0B9D}.Debug|Any CPU.ActiveCfg = Debug|Any CPU
		{4C18A3AD-54B8-4CF7-85B0-3A6D24EB0B9D}.Debug|Any CPU.Build.0 = Debug|Any CPU
		{4C18A3AD-54B8-4CF7-85B0-3A6D24EB0B9D}.Release|Any CPU.ActiveCfg = Release|Any CPU
		{4C18A3AD-54B8-4CF7-85B0-3A6D24EB0B9D}.Release|Any CPU.Build.0 = Release|Any CPU
		{23FEAD9A-791F-4DEE-B536-334E91BAFCFF}.Debug|Any CPU.ActiveCfg = Debug|Any CPU
		{23FEAD9A-791F-4DEE-B536-334E91BAFCFF}.Debug|Any CPU.Build.0 = Debug|Any CPU
		{23FEAD9A-791F-4DEE-B536-334E91BAFCFF}.Release|Any CPU.ActiveCfg = Release|Any CPU
		{23FEAD9A-791F-4DEE-B536-334E91BAFCFF}.Release|Any CPU.Build.0 = Release|Any CPU
	EndGlobalSection
	GlobalSection(SolutionProperties) = preSolution
		HideSolutionNode = FALSE
	EndGlobalSection
	GlobalSection(ExtensibilityGlobals) = postSolution
		SolutionGuid = {E07AB1B7-1416-4640-87D1-1B3D0D943AAA}
	EndGlobalSection
EndGlobal
